
Microsoft Visual Studio Solution File, Format Version 12.00
# Visual Studio Version 17
VisualStudioVersion = 17.8.34511.84
MinimumVisualStudioVersion = 10.0.40219.1
Project("{FAE04EC0-301F-11D3-BF4B-00C04F79EFBC}") = "DataAdapterSTUDENT", "DataAdapterSTUDENT\DataAdapterSTUDENT.csproj", "{92233000-17F3-4A46-BC0A-27AFDF080BED}"
EndProject
Global
	GlobalSection(SolutionConfigurationPlatforms) = preSolution
		Debug|Any CPU = Debug|Any CPU
		Release|Any CPU = Release|Any CPU
	EndGlobalSection
	GlobalSection(ProjectConfigurationPlatforms) = postSolution
		{92233000-17F3-4A46-BC0A-27AFDF080BED}.Debug|Any CPU.ActiveCfg = Debug|Any CPU
		{92233000-17F3-4A46-BC0A-27AFDF080BED}.Debug|Any CPU.Build.0 = Debug|Any CPU
		{92233000-17F3-4A46-BC0A-27AFDF080BED}.Release|Any CPU.ActiveCfg = Release|Any CPU
		{92233000-17F3-4A46-BC0A-27AFDF080BED}.Release|Any CPU.Build.0 = Release|Any CPU
	EndGlobalSection
	GlobalSection(SolutionProperties) = preSolution
		HideSolutionNode = FALSE
	EndGlobalSection
	GlobalSection(ExtensibilityGlobals) = postSolution
		SolutionGuid = {762C1C3B-6DF9-498C-9FF3-E00CCA30B272}
	EndGlobalSection
EndGlobal
